
Microsoft Visual Studio Solution File, Format Version 12.00
# Visual Studio Version 17
VisualStudioVersion = 17.14.36121.58 d17.14
MinimumVisualStudioVersion = 10.0.40219.1
Project("{FAE04EC0-301F-11D3-BF4B-00C04F79EFBC}") = "Unicom Mangement System", "Unicom Mangement System\Unicom Mangement System.csproj", "{610F0F7D-D608-42F8-8841-F1B06FBC192F}"
EndProject
Global
	GlobalSection(SolutionConfigurationPlatforms) = preSolution
		Debug|Any CPU = Debug|Any CPU
		Release|Any CPU = Release|Any CPU
	EndGlobalSection
	GlobalSection(ProjectConfigurationPlatforms) = postSolution
		{610F0F7D-D608-42F8-8841-F1B06FBC192F}.Debug|Any CPU.ActiveCfg = Debug|Any CPU
		{610F0F7D-D608-42F8-8841-F1B06FBC192F}.Debug|Any CPU.Build.0 = Debug|Any CPU
		{610F0F7D-D608-42F8-8841-F1B06FBC192F}.Release|Any CPU.ActiveCfg = Release|Any CPU
		{610F0F7D-D608-42F8-8841-F1B06FBC192F}.Release|Any CPU.Build.0 = Release|Any CPU
	EndGlobalSection
	GlobalSection(SolutionProperties) = preSolution
		HideSolutionNode = FALSE
	EndGlobalSection
	GlobalSection(ExtensibilityGlobals) = postSolution
		SolutionGuid = {E08ACB0C-3E0A-4A32-B3A3-F1157BC3FB97}
	EndGlobalSection
EndGlobal
